{
  "version": "2",
  "remote": {},
  "npm": {
    "specifiers": {
      "abitype@0.9.8": "abitype@0.9.8",
      "viem@1.10.14": "viem@1.10.14_ws@8.13.0"
    },
    "packages": {
      "@adraffy/ens-normalize@1.9.4": {
        "integrity": "sha512-UK0bHA7hh9cR39V+4gl2/NnBBjoXIxkuWAPCaY4X7fbH4L/azIi7ilWOCjMUYfpJgraLUAqkRi2BqrjME8Rynw==",
        "dependencies": {}
      },
      "@noble/curves@1.2.0": {
        "integrity": "sha512-oYclrNgRaM9SsBUBVbb8M6DTV7ZHRTKugureoYEncY5c65HOmRzvSiTE3y5CYaPYJA/GVkrhXEoF0M3Ya9PMnw==",
        "dependencies": {
          "@noble/hashes": "@noble/hashes@1.3.2"
        }
      },
      "@noble/hashes@1.3.2": {
        "integrity": "sha512-MVC8EAQp7MvEcm30KWENFjgR+Mkmf+D189XJTkFIlwohU5hcBbn1ZkKq7KVTi2Hme3PMGF390DaL52beVrIihQ==",
        "dependencies": {}
      },
      "@scure/base@1.1.3": {
        "integrity": "sha512-/+SgoRjLq7Xlf0CWuLHq2LUZeL/w65kfzAPG5NH9pcmBhs+nunQTn4gvdwgMTIXnt9b2C/1SeL2XiysZEyIC9Q==",
        "dependencies": {}
      },
      "@scure/bip32@1.3.2": {
        "integrity": "sha512-N1ZhksgwD3OBlwTv3R6KFEcPojl/W4ElJOeCZdi+vuI5QmTFwLq3OFf2zd2ROpKvxFdgZ6hUpb0dx9bVNEwYCA==",
        "dependencies": {
          "@noble/curves": "@noble/curves@1.2.0",
          "@noble/hashes": "@noble/hashes@1.3.2",
          "@scure/base": "@scure/base@1.1.3"
        }
      },
      "@scure/bip39@1.2.1": {
        "integrity": "sha512-Z3/Fsz1yr904dduJD0NpiyRHhRYHdcnyh73FZWiV+/qhWi83wNJ3NWolYqCEN+ZWsUz2TWwajJggcRE9r1zUYg==",
        "dependencies": {
          "@noble/hashes": "@noble/hashes@1.3.2",
          "@scure/base": "@scure/base@1.1.3"
        }
      },
      "@types/node@20.6.2": {
        "integrity": "sha512-Y+/1vGBHV/cYk6OI1Na/LHzwnlNCAfU3ZNGrc1LdRe/LAIbdDPTTv/HU3M7yXN448aTVDq3eKRm2cg7iKLb8gw==",
        "dependencies": {}
      },
      "@types/ws@8.5.5": {
        "integrity": "sha512-lwhs8hktwxSjf9UaZ9tG5M03PGogvFaH8gUgLNbN9HKIg0dvv6q+gkSuJ8HN4/VbyxkuLzCjlN7GquQ0gUJfIg==",
        "dependencies": {
          "@types/node": "@types/node@20.6.2"
        }
      },
      "abitype@0.9.8": {
        "integrity": "sha512-puLifILdm+8sjyss4S+fsUN09obiT1g2YW6CtcQF+QDzxR0euzgEB29MZujC6zMk2a6SVmtttq1fc6+YFA7WYQ==",
        "dependencies": {}
      },
      "isomorphic-ws@5.0.0_ws@8.13.0": {
        "integrity": "sha512-muId7Zzn9ywDsyXgTIafTry2sV3nySZeUDe6YedVd1Hvuuep5AsIlqK+XefWpYTyJG5e503F2xIuT2lcU6rCSw==",
        "dependencies": {
          "ws": "ws@8.13.0"
        }
      },
      "viem@1.10.14_ws@8.13.0": {
        "integrity": "sha512-GRwFXLFr+/7+7nYYkABgHom3zMIE3DdxZ/DP78QlYWUanpjUV5IebxMOm6pfKD+ZAj3vf9YPAmz+WogjiUgDWw==",
        "dependencies": {
          "@adraffy/ens-normalize": "@adraffy/ens-normalize@1.9.4",
          "@noble/curves": "@noble/curves@1.2.0",
          "@noble/hashes": "@noble/hashes@1.3.2",
          "@scure/bip32": "@scure/bip32@1.3.2",
          "@scure/bip39": "@scure/bip39@1.2.1",
          "@types/ws": "@types/ws@8.5.5",
          "abitype": "abitype@0.9.8",
          "isomorphic-ws": "isomorphic-ws@5.0.0_ws@8.13.0",
          "ws": "ws@8.13.0"
        }
      },
      "ws@8.13.0": {
        "integrity": "sha512-x9vcZYTrFPC7aSIbj7sRCYo7L/Xb8Iy+pW0ng0wt2vCJv7M9HOMy0UoN3rr+IFC7hb7vXoqS+P9ktyLLLhO+LA==",
        "dependencies": {}
      }
    }
  }
}
